{
  "name": "my-ig",
  "lockfileVersion": 2,
  "requires": true,
  "packages": {
    "": {
      "devDependencies": {
        "@types/bcrypt": "^5.0.0"
      }
    },
    "node_modules/@types/bcrypt": {
      "version": "5.0.0",
      "resolved": "https://registry.npmjs.org/@types/bcrypt/-/bcrypt-5.0.0.tgz",
      "integrity": "sha512-agtcFKaruL8TmcvqbndlqHPSJgsolhf/qPWchFlgnW1gECTN/nKbFcoFnvKAQRFfKbh+BO6A3SWdJu9t+xF3Lw==",
      "dev": true,
      "dependencies": {
        "@types/node": "*"
      }
    },
    "node_modules/@types/node": {
      "version": "18.11.12",
      "resolved": "https://registry.npmjs.org/@types/node/-/node-18.11.12.tgz",
      "integrity": "sha512-FgD3NtTAKvyMmD44T07zz2fEf+OKwutgBCEVM8GcvMGVGaDktiLNTDvPwC/LUe3PinMW+X6CuLOF2Ui1mAlSXg==",
      "dev": true
    }
  },
  "dependencies": {
    "@types/bcrypt": {
      "version": "5.0.0",
      "resolved": "https://registry.npmjs.org/@types/bcrypt/-/bcrypt-5.0.0.tgz",
      "integrity": "sha512-agtcFKaruL8TmcvqbndlqHPSJgsolhf/qPWchFlgnW1gECTN/nKbFcoFnvKAQRFfKbh+BO6A3SWdJu9t+xF3Lw==",
      "dev": true,
      "requires": {
        "@types/node": "*"
      }
    },
    "@types/node": {
      "version": "18.11.12",
      "resolved": "https://registry.npmjs.org/@types/node/-/node-18.11.12.tgz",
      "integrity": "sha512-FgD3NtTAKvyMmD44T07zz2fEf+OKwutgBCEVM8GcvMGVGaDktiLNTDvPwC/LUe3PinMW+X6CuLOF2Ui1mAlSXg==",
      "dev": true
    }
  }
}
